// !$*UTF8*$!
{
	archiveVersion = 1;
	classes = {
	};
	objectVersion = 50;
	objects = {

/* Begin PBXBuildFile section */
		291E0F4E2277C00200B39529 /* GridView.swift in Sources */ = {isa = PBXBuildFile; fileRef = 291E0F4D2277C00200B39529 /* GridView.swift */; };
		291FBBA7225EBA69005FA7D3 /* Delm-Medium.otf in Resources */ = {isa = PBXBuildFile; fileRef = 291FBBA6225EBA69005FA7D3 /* Delm-Medium.otf */; };
		291FBBA9225EBA93005FA7D3 /* ThirstySoftRegular.otf in Resources */ = {isa = PBXBuildFile; fileRef = 291FBBA8225EBA93005FA7D3 /* ThirstySoftRegular.otf */; };
		292EBD11225E2C9300072190 /* AppDelegate.swift in Sources */ = {isa = PBXBuildFile; fileRef = 292EBD10225E2C9300072190 /* AppDelegate.swift */; };
		292EBD13225E2C9300072190 /* ViewController.swift in Sources */ = {isa = PBXBuildFile; fileRef = 292EBD12225E2C9300072190 /* ViewController.swift */; };
		292EBD16225E2C9300072190 /* Main.storyboard in Resources */ = {isa = PBXBuildFile; fileRef = 292EBD14225E2C9300072190 /* Main.storyboard */; };
		292EBD18225E2C9400072190 /* Assets.xcassets in Resources */ = {isa = PBXBuildFile; fileRef = 292EBD17225E2C9400072190 /* Assets.xcassets */; };
		292EBD1B225E2C9400072190 /* LaunchScreen.storyboard in Resources */ = {isa = PBXBuildFile; fileRef = 292EBD19225E2C9400072190 /* LaunchScreen.storyboard */; };
/* End PBXBuildFile section */

/* Begin PBXFileReference section */
		291E0F4D2277C00200B39529 /* GridView.swift */ = {isa = PBXFileReference; lastKnownFileType = sourcecode.swift; path = GridView.swift; sourceTree = "<group>"; };
		291FBBA6225EBA69005FA7D3 /* Delm-Medium.otf */ = {isa = PBXFileReference; lastKnownFileType = file; path = "Delm-Medium.otf"; sourceTree = "<group>"; };
		291FBBA8225EBA93005FA7D3 /* ThirstySoftRegular.otf */ = {isa = PBXFileReference; lastKnownFileType = file; path = ThirstySoftRegular.otf; sourceTree = "<group>"; };
		292EBD0D225E2C9300072190 /* Instagrid Quentin.app */ = {isa = PBXFileReference; explicitFileType = wrapper.application; includeInIndex = 0; path = "Instagrid Quentin.app"; sourceTree = BUILT_PRODUCTS_DIR; };
		292EBD10225E2C9300072190 /* AppDelegate.swift */ = {isa = PBXFileReference; lastKnownFileType = sourcecode.swift; path = AppDelegate.swift; sourceTree = "<group>"; };
		292EBD12225E2C9300072190 /* ViewController.swift */ = {isa = PBXFileReference; lastKnownFileType = sourcecode.swift; path = ViewController.swift; sourceTree = "<group>"; };
		292EBD15225E2C9300072190 /* Base */ = {isa = PBXFileReference; lastKnownFileType = file.storyboard; name = Base; path = Base.lproj/Main.storyboard; sourceTree = "<group>"; };
		292EBD17225E2C9400072190 /* Assets.xcassets */ = {isa = PBXFileReference; lastKnownFileType = folder.assetcatalog; path = Assets.xcassets; sourceTree = "<group>"; };
		292EBD1A225E2C9400072190 /* Base */ = {isa = PBXFileReference; lastKnownFileType = file.storyboard; name = Base; path = Base.lproj/LaunchScreen.storyboard; sourceTree = "<group>"; };
		292EBD1C225E2C9400072190 /* Info.plist */ = {isa = PBXFileReference; lastKnownFileType = text.plist.xml; path = Info.plist; sourceTree = "<group>"; };
/* End PBXFileReference section */

/* Begin PBXFrameworksBuildPhase section */
		292EBD0A225E2C9300072190 /* Frameworks */ = {
			isa = PBXFrameworksBuildPhase;
			buildActionMask = 2147483647;
			files = (
			);
			runOnlyForDeploymentPostprocessing = 0;
		};
/* End PBXFrameworksBuildPhase section */

/* Begin PBXGroup section */
		291E0F4F227A7CFE00B39529 /* Model */ = {
			isa = PBXGroup;
			children = (
			);
			path = Model;
			sourceTree = "<group>";
		};
		291E0F50227A7D0700B39529 /* View */ = {
			isa = PBXGroup;
			children = (
				292EBD14225E2C9300072190 /* Main.storyboard */,
			);
			path = View;
			sourceTree = "<group>";
		};
		291E0F51227A7D1800B39529 /* Controller */ = {
			isa = PBXGroup;
			children = (
				291E0F4D2277C00200B39529 /* GridView.swift */,
				292EBD12225E2C9300072190 /* ViewController.swift */,
			);
			path = Controller;
			sourceTree = "<group>";
		};
		291E0F52227A7D2200B39529 /* Supporting Files */ = {
			isa = PBXGroup;
			children = (
				292EBD10225E2C9300072190 /* AppDelegate.swift */,
				292EBD17225E2C9400072190 /* Assets.xcassets */,
				292EBD19225E2C9400072190 /* LaunchScreen.storyboard */,
				292EBD1C225E2C9400072190 /* Info.plist */,
				291FBBA6225EBA69005FA7D3 /* Delm-Medium.otf */,
				291FBBA8225EBA93005FA7D3 /* ThirstySoftRegular.otf */,
			);
			path = "Supporting Files";
			sourceTree = "<group>";
		};
		292EBD04225E2C9300072190 = {
			isa = PBXGroup;
			children = (
				292EBD0F225E2C9300072190 /* Instagrid Quentin */,
				292EBD0E225E2C9300072190 /* Products */,
			);
			sourceTree = "<group>";
		};
		292EBD0E225E2C9300072190 /* Products */ = {
			isa = PBXGroup;
			children = (
				292EBD0D225E2C9300072190 /* Instagrid Quentin.app */,
			);
			name = Products;
			sourceTree = "<group>";
		};
		292EBD0F225E2C9300072190 /* Instagrid Quentin */ = {
			isa = PBXGroup;
			children = (
				291E0F52227A7D2200B39529 /* Supporting Files */,
				291E0F51227A7D1800B39529 /* Controller */,
				291E0F50227A7D0700B39529 /* View */,
				291E0F4F227A7CFE00B39529 /* Model */,
			);
			path = "Instagrid Quentin";
			sourceTree = "<group>";
		};
/* End PBXGroup section */

/* Begin PBXNativeTarget section */
		292EBD0C225E2C9300072190 /* Instagrid Quentin */ = {
			isa = PBXNativeTarget;
			buildConfigurationList = 292EBD1F225E2C9400072190 /* Build configuration list for PBXNativeTarget "Instagrid Quentin" */;
			buildPhases = (
				292EBD09225E2C9300072190 /* Sources */,
				292EBD0A225E2C9300072190 /* Frameworks */,
				292EBD0B225E2C9300072190 /* Resources */,
			);
			buildRules = (
			);
			dependencies = (
			);
			name = "Instagrid Quentin";
			productName = "Instagrid Quentin";
			productReference = 292EBD0D225E2C9300072190 /* Instagrid Quentin.app */;
			productType = "com.apple.product-type.application";
		};
/* End PBXNativeTarget section */

/* Begin PBXProject section */
		292EBD05225E2C9300072190 /* Project object */ = {
			isa = PBXProject;
			attributes = {
				LastSwiftUpdateCheck = 1020;
				LastUpgradeCheck = 1020;
				ORGANIZATIONNAME = "Quentin Marlas";
				TargetAttributes = {
					292EBD0C225E2C9300072190 = {
						CreatedOnToolsVersion = 10.2;
					};
				};
			};
			buildConfigurationList = 292EBD08225E2C9300072190 /* Build configuration list for PBXProject "Instagrid Quentin" */;
			compatibilityVersion = "Xcode 9.3";
			developmentRegion = en;
			hasScannedForEncodings = 0;
			knownRegions = (
				en,
				Base,
			);
			mainGroup = 292EBD04225E2C9300072190;
			productRefGroup = 292EBD0E225E2C9300072190 /* Products */;
			projectDirPath = "";
			projectRoot = "";
			targets = (
				292EBD0C225E2C9300072190 /* Instagrid Quentin */,
			);
		};
/* End PBXProject section */

/* Begin PBXResourcesBuildPhase section */
		292EBD0B225E2C9300072190 /* Resources */ = {
			isa = PBXResourcesBuildPhase;
			buildActionMask = 2147483647;
			files = (
				292EBD1B225E2C9400072190 /* LaunchScreen.storyboard in Resources */,
				292EBD18225E2C9400072190 /* Assets.xcassets in Resources */,
				291FBBA9225EBA93005FA7D3 /* ThirstySoftRegular.otf in Resources */,
				291FBBA7225EBA69005FA7D3 /* Delm-Medium.otf in Resources */,
				292EBD16225E2C9300072190 /* Main.storyboard in Resources */,
			);
			runOnlyForDeploymentPostprocessing = 0;
		};
/* End PBXResourcesBuildPhase section */

/* Begin PBXSourcesBuildPhase section */
		292EBD09225E2C9300072190 /* Sources */ = {
			isa = PBXSourcesBuildPhase;
			buildActionMask = 2147483647;
			files = (
				291E0F4E2277C00200B39529 /* GridView.swift in Sources */,
				292EBD13225E2C9300072190 /* ViewController.swift in Sources */,
				292EBD11225E2C9300072190 /* AppDelegate.swift in Sources */,
			);
			runOnlyForDeploymentPostprocessing = 0;
		};
/* End PBXSourcesBuildPhase section */

/* Begin PBXVariantGroup section */
		292EBD14225E2C9300072190 /* Main.storyboard */ = {
			isa = PBXVariantGroup;
			children = (
				292EBD15225E2C9300072190 /* Base */,
			);
			name = Main.storyboard;
			sourceTree = "<group>";
		};
		292EBD19225E2C9400072190 /* LaunchScreen.storyboard */ = {
			isa = PBXVariantGroup;
			children = (
				292EBD1A225E2C9400072190 /* Base */,
			);
			name = LaunchScreen.storyboard;
			sourceTree = "<group>";
		};
/* End PBXVariantGroup section */

/* Begin XCBuildConfiguration section */
		292EBD1D225E2C9400072190 /* Debug */ = {
			isa = XCBuildConfiguration;
			buildSettings = {
				ALWAYS_SEARCH_USER_PATHS = NO;
				CLANG_ANALYZER_NONNULL = YES;
				CLANG_ANALYZER_NUMBER_OBJECT_CONVERSION = YES_AGGRESSIVE;
				CLANG_CXX_LANGUAGE_STANDARD = "gnu++14";
				CLANG_CXX_LIBRARY = "libc++";
				CLANG_ENABLE_MODULES = YES;
				CLANG_ENABLE_OBJC_ARC = YES;
				CLANG_ENABLE_OBJC_WEAK = YES;
				CLANG_WARN_BLOCK_CAPTURE_AUTORELEASING = YES;
				CLANG_WARN_BOOL_CONVERSION = YES;
				CLANG_WARN_COMMA = YES;
				CLANG_WARN_CONSTANT_CONVERSION = YES;
				CLANG_WARN_DEPRECATED_OBJC_IMPLEMENTATIONS = YES;
				CLANG_WARN_DIRECT_OBJC_ISA_USAGE = YES_ERROR;
				CLANG_WARN_DOCUMENTATION_COMMENTS = YES;
				CLANG_WARN_EMPTY_BODY = YES;
				CLANG_WARN_ENUM_CONVERSION = YES;
				CLANG_WARN_INFINITE_RECURSION = YES;
				CLANG_WARN_INT_CONVERSION = YES;
				CLANG_WARN_NON_LITERAL_NULL_CONVERSION = YES;
				CLANG_WARN_OBJC_IMPLICIT_RETAIN_SELF = YES;
				CLANG_WARN_OBJC_LITERAL_CONVERSION = YES;
				CLANG_WARN_OBJC_ROOT_CLASS = YES_ERROR;
				CLANG_WARN_RANGE_LOOP_ANALYSIS = YES;
				CLANG_WARN_STRICT_PROTOTYPES = YES;
				CLANG_WARN_SUSPICIOUS_MOVE = YES;
				CLANG_WARN_UNGUARDED_AVAILABILITY = YES_AGGRESSIVE;
				CLANG_WARN_UNREACHABLE_CODE = YES;
				CLANG_WARN__DUPLICATE_METHOD_MATCH = YES;
				CODE_SIGN_IDENTITY = "iPhone Developer";
				COPY_PHASE_STRIP = NO;
				DEBUG_INFORMATION_FORMAT = dwarf;
				ENABLE_STRICT_OBJC_MSGSEND = YES;
				ENABLE_TESTABILITY = YES;
				GCC_C_LANGUAGE_STANDARD = gnu11;
				GCC_DYNAMIC_NO_PIC = NO;
				GCC_NO_COMMON_BLOCKS = YES;
				GCC_OPTIMIZATION_LEVEL = 0;
				GCC_PREPROCESSOR_DEFINITIONS = (
					"DEBUG=1",
					"$(inherited)",
				);
				GCC_WARN_64_TO_32_BIT_CONVERSION = YES;
				GCC_WARN_ABOUT_RETURN_TYPE = YES_ERROR;
				GCC_WARN_UNDECLARED_SELECTOR = YES;
				GCC_WARN_UNINITIALIZED_AUTOS = YES_AGGRESSIVE;
				GCC_WARN_UNUSED_FUNCTION = YES;
				GCC_WARN_UNUSED_VARIABLE = YES;
				IPHONEOS_DEPLOYMENT_TARGET = 12.2;
				MTL_ENABLE_DEBUG_INFO = INCLUDE_SOURCE;
				MTL_FAST_MATH = YES;
				ONLY_ACTIVE_ARCH = YES;
				SDKROOT = iphoneos;
				SWIFT_ACTIVE_COMPILATION_CONDITIONS = DEBUG;
				SWIFT_OPTIMIZATION_LEVEL = "-Onone";
			};
			name = Debug;
		};
		292EBD1E225E2C9400072190 /* Release */ = {
			isa = XCBuildConfiguration;
			buildSettings = {
				ALWAYS_SEARCH_USER_PATHS = NO;
				CLANG_ANALYZER_NONNULL = YES;
				CLANG_ANALYZER_NUMBER_OBJECT_CONVERSION = YES_AGGRESSIVE;
				CLANG_CXX_LANGUAGE_STANDARD = "gnu++14";
				CLANG_CXX_LIBRARY = "libc++";
				CLANG_ENABLE_MODULES = YES;
				CLANG_ENABLE_OBJC_ARC = YES;
				CLANG_ENABLE_OBJC_WEAK = YES;
				CLANG_WARN_BLOCK_CAPTURE_AUTORELEASING = YES;
				CLANG_WARN_BOOL_CONVERSION = YES;
				CLANG_WARN_COMMA = YES;
				CLANG_WARN_CONSTANT_CONVERSION = YES;
				CLANG_WARN_DEPRECATED_OBJC_IMPLEMENTATIONS = YES;
				CLANG_WARN_DIRECT_OBJC_ISA_USAGE = YES_ERROR;
				CLANG_WARN_DOCUMENTATION_COMMENTS = YES;
				CLANG_WARN_EMPTY_BODY = YES;
				CLANG_WARN_ENUM_CONVERSION = YES;
				CLANG_WARN_INFINITE_RECURSION = YES;
				CLANG_WARN_INT_CONVERSION = YES;
				CLANG_WARN_NON_LITERAL_NULL_CONVERSION = YES;
				CLANG_WARN_OBJC_IMPLICIT_RETAIN_SELF = YES;
				CLANG_WARN_OBJC_LITERAL_CONVERSION = YES;
				CLANG_WARN_OBJC_ROOT_CLASS = YES_ERROR;
				CLANG_WARN_RANGE_LOOP_ANALYSIS = YES;
				CLANG_WARN_STRICT_PROTOTYPES = YES;
				CLANG_WARN_SUSPICIOUS_MOVE = YES;
				CLANG_WARN_UNGUARDED_AVAILABILITY = YES_AGGRESSIVE;
				CLANG_WARN_UNREACHABLE_CODE = YES;
				CLANG_WARN__DUPLICATE_METHOD_MATCH = YES;
				CODE_SIGN_IDENTITY = "iPhone Developer";
				COPY_PHASE_STRIP = NO;
				DEBUG_INFORMATION_FORMAT = "dwarf-with-dsym";
				ENABLE_NS_ASSERTIONS = NO;
				ENABLE_STRICT_OBJC_MSGSEND = YES;
				GCC_C_LANGUAGE_STANDARD = gnu11;
				GCC_NO_COMMON_BLOCKS = YES;
				GCC_WARN_64_TO_32_BIT_CONVERSION = YES;
				GCC_WARN_ABOUT_RETURN_TYPE = YES_ERROR;
				GCC_WARN_UNDECLARED_SELECTOR = YES;
				GCC_WARN_UNINITIALIZED_AUTOS = YES_AGGRESSIVE;
				GCC_WARN_UNUSED_FUNCTION = YES;
				GCC_WARN_UNUSED_VARIABLE = YES;
				IPHONEOS_DEPLOYMENT_TARGET = 12.2;
				MTL_ENABLE_DEBUG_INFO = NO;
				MTL_FAST_MATH = YES;
				SDKROOT = iphoneos;
				SWIFT_COMPILATION_MODE = wholemodule;
				SWIFT_OPTIMIZATION_LEVEL = "-O";
				VALIDATE_PRODUCT = YES;
			};
			name = Release;
		};
		292EBD20225E2C9400072190 /* Debug */ = {
			isa = XCBuildConfiguration;
			buildSettings = {
				ASSETCATALOG_COMPILER_APPICON_NAME = AppIcon;
				CODE_SIGN_STYLE = Automatic;
				DEVELOPMENT_TEAM = 94G4HMUPVL;
				INFOPLIST_FILE = "Instagrid Quentin/Info.plist";
				LD_RUNPATH_SEARCH_PATHS = (
					"$(inherited)",
					"@executable_path/Frameworks",
				);
				PRODUCT_BUNDLE_IDENTIFIER = "com.QuentinMarlas.Instagrid-Quentin";
				PRODUCT_NAME = "$(TARGET_NAME)";
				SWIFT_VERSION = 5.0;
				TARGETED_DEVICE_FAMILY = "1,2";
			};
			name = Debug;
		};
		292EBD21225E2C9400072190 /* Release */ = {
			isa = XCBuildConfiguration;
			buildSettings = {
				ASSETCATALOG_COMPILER_APPICON_NAME = AppIcon;
				CODE_SIGN_STYLE = Automatic;
				DEVELOPMENT_TEAM = 94G4HMUPVL;
				INFOPLIST_FILE = "Instagrid Quentin/Info.plist";
				LD_RUNPATH_SEARCH_PATHS = (
					"$(inherited)",
					"@executable_path/Frameworks",
				);
				PRODUCT_BUNDLE_IDENTIFIER = "com.QuentinMarlas.Instagrid-Quentin";
				PRODUCT_NAME = "$(TARGET_NAME)";
				SWIFT_VERSION = 5.0;
				TARGETED_DEVICE_FAMILY = "1,2";
			};
			name = Release;
		};
/* End XCBuildConfiguration section */

/* Begin XCConfigurationList section */
		292EBD08225E2C9300072190 /* Build configuration list for PBXProject "Instagrid Quentin" */ = {
			isa = XCConfigurationList;
			buildConfigurations = (
				292EBD1D225E2C9400072190 /* Debug */,
				292EBD1E225E2C9400072190 /* Release */,
			);
			defaultConfigurationIsVisible = 0;
			defaultConfigurationName = Release;
		};
		292EBD1F225E2C9400072190 /* Build configuration list for PBXNativeTarget "Instagrid Quentin" */ = {
			isa = XCConfigurationList;
			buildConfigurations = (
				292EBD20225E2C9400072190 /* Debug */,
				292EBD21225E2C9400072190 /* Release */,
			);
			defaultConfigurationIsVisible = 0;
			defaultConfigurationName = Release;
		};
/* End XCConfigurationList section */
	};
	rootObject = 292EBD05225E2C9300072190 /* Project object */;
}
